
Microsoft Visual Studio Solution File, Format Version 12.00
# Visual Studio Version 16
VisualStudioVersion = 16.0.29926.136
MinimumVisualStudioVersion = 10.0.40219.1
Project("{FAE04EC0-301F-11D3-BF4B-00C04F79EFBC}") = "Microfluor", "Microfluor\Microfluor.csproj", "{C2637164-5293-4A14-A695-9E1BD8F5E9E7}"
EndProject
Global
	GlobalSection(SolutionConfigurationPlatforms) = preSolution
		Debug|Any CPU = Debug|Any CPU
		Release|Any CPU = Release|Any CPU
	EndGlobalSection
	GlobalSection(ProjectConfigurationPlatforms) = postSolution
		{C2637164-5293-4A14-A695-9E1BD8F5E9E7}.Debug|Any CPU.ActiveCfg = Debug|Any CPU
		{C2637164-5293-4A14-A695-9E1BD8F5E9E7}.Debug|Any CPU.Build.0 = Debug|Any CPU
		{C2637164-5293-4A14-A695-9E1BD8F5E9E7}.Release|Any CPU.ActiveCfg = Release|Any CPU
		{C2637164-5293-4A14-A695-9E1BD8F5E9E7}.Release|Any CPU.Build.0 = Release|Any CPU
	EndGlobalSection
	GlobalSection(SolutionProperties) = preSolution
		HideSolutionNode = FALSE
	EndGlobalSection
	GlobalSection(ExtensibilityGlobals) = postSolution
		SolutionGuid = {B72CA914-1FED-440B-BE65-55BE9DB2A782}
	EndGlobalSection
EndGlobal
